<?xml version="1.0" encoding="utf-8"?>
<Project ToolsVersion="4.0" xmlns="http://schemas.microsoft.com/developer/msbuild/2003">
  <ItemGroup>
    <Filter Include="Source Files">
      <UniqueIdentifier>{4FC737F1-C7A5-4376-A066-2A32D752A2FF}</UniqueIdentifier>
      <Extensions>cpp;c;cc;cxx;def;odl;idl;hpj;bat;asm;asmx</Extensions>
    </Filter>
    <Filter Include="Header Files">
      <UniqueIdentifier>{93995380-89BD-4b04-88EB-625FBE52EBFB}</UniqueIdentifier>
      <Extensions>h;hh;hpp;hxx;hm;inl;inc;xsd</Extensions>
    </Filter>
    <Filter Include="Resource Files">
      <UniqueIdentifier>{67DA6AB6-F800-4c08-8B7A-83BB121AAD01}</UniqueIdentifier>
      <Extensions>rc;ico;cur;bmp;dlg;rc2;rct;bin;rgs;gif;jpg;jpeg;jpe;resx;tiff;tif;png;wav;mfcribbon-ms</Extensions>
    </Filter>
  </ItemGroup>
  <ItemGroup>
    <Text Include="ReadMe.txt" />
  </ItemGroup>
  <ItemGroup>
    <ClCompile Include="ParseXML.cpp">
      <Filter>Source Files</Filter>
    </ClCompile>
    <ClCompile Include="..\tinyxml2\tinyxml2.cpp">
      <Filter>Source Files</Filter>
    </ClCompile>
    <ClCompile Include="TextUIHandler.cpp">
      <Filter>Source Files</Filter>
    </ClCompile>
    <ClCompile Include="MoveCommand.cpp">
      <Filter>Source Files</Filter>
    </ClCompile>
    <ClCompile Include="Board.cpp">
      <Filter>Source Files</Filter>
    </ClCompile>
    <ClCompile Include="Player.cpp">
      <Filter>Source Files</Filter>
    </ClCompile>
    <ClCompile Include="Obstacle.cpp">
      <Filter>Source Files</Filter>
    </ClCompile>
    <ClCompile Include="PieceBase.cpp">
      <Filter>Source Files</Filter>
    </ClCompile>
    <ClCompile Include="Main.cpp">
      <Filter>Source Files</Filter>
    </ClCompile>
    <ClCompile Include="Actor.cpp">
      <Filter>Source Files</Filter>
    </ClCompile>
    <ClCompile Include="Collision.cpp">
      <Filter>Source Files</Filter>
    </ClCompile>
    <ClCompile Include="AttackCommand.cpp">
      <Filter>Source Files</Filter>
    </ClCompile>
    <ClCompile Include="Gate.cpp">
      <Filter>Source Files</Filter>
    </ClCompile>
    <ClCompile Include="Button.cpp">
      <Filter>Source Files</Filter>
    </ClCompile>
    <ClCompile Include="Trap.cpp">
      <Filter>Source Files</Filter>
    </ClCompile>
    <ClCompile Include="Water.cpp">
      <Filter>Source Files</Filter>
    </ClCompile>
    <ClCompile Include="Monster.cpp">
      <Filter>Source Files</Filter>
    </ClCompile>
    <ClCompile Include="Goal.cpp">
      <Filter>Source Files</Filter>
    </ClCompile>
    <ClCompile Include="ASCIIArtUIHandler.cpp">
      <Filter>Source Files</Filter>
    </ClCompile>
    <ClCompile Include="HtmlUIHandler.cpp">
      <Filter>Source Files</Filter>
    </ClCompile>
    <ClCompile Include="UIHandlerBase.cpp">
      <Filter>Source Files</Filter>
    </ClCompile>
    <ClCompile Include="FileNames.cpp">
      <Filter>Source Files</Filter>
    </ClCompile>
    <ClCompile Include="XmlUIHandler.cpp">
      <Filter>Source Files</Filter>
    </ClCompile>
    <ClCompile Include="CommandLineUI.cpp">
      <Filter>Source Files</Filter>
    </ClCompile>
    <ClCompile Include="InteractiveUIHandler.cpp">
      <Filter>Source Files</Filter>
    </ClCompile>
    <ClCompile Include="PieceUIHandlerBase.cpp">
      <Filter>Source Files</Filter>
    </ClCompile>
    <ClCompile Include="UnorderedPieceUIHandlerBase.cpp">
      <Filter>Source Files</Filter>
    </ClCompile>
  </ItemGroup>
  <ItemGroup>
    <ClInclude Include="..\tinyxml2\tinyxml2.h">
      <Filter>Header Files</Filter>
    </ClInclude>
    <ClInclude Include="IsInstance.h">
      <Filter>Header Files</Filter>
    </ClInclude>
    <ClInclude Include="Contracts.h">
      <Filter>Header Files</Filter>
    </ClInclude>
    <ClInclude Include="IUIHandler.h">
      <Filter>Header Files</Filter>
    </ClInclude>
    <ClInclude Include="CompositeCommand.hxx">
      <Filter>Header Files</Filter>
    </ClInclude>
    <ClInclude Include="CompositeCommand.h">
      <Filter>Header Files</Filter>
    </ClInclude>
    <ClInclude Include="ArraySlice.hxx">
      <Filter>Header Files</Filter>
    </ClInclude>
    <ClInclude Include="ArraySlice.h">
      <Filter>Header Files</Filter>
    </ClInclude>
    <ClInclude Include="MoveCommand.h">
      <Filter>Header Files</Filter>
    </ClInclude>
    <ClInclude Include="ICommand.h">
      <Filter>Header Files</Filter>
    </ClInclude>
    <ClInclude Include="Board.h">
      <Filter>Header Files</Filter>
    </ClInclude>
    <ClInclude Include="Player.h">
      <Filter>Header Files</Filter>
    </ClInclude>
    <ClInclude Include="Obstacle.h">
      <Filter>Header Files</Filter>
    </ClInclude>
    <ClInclude Include="PieceBase.h">
      <Filter>Header Files</Filter>
    </ClInclude>
    <ClInclude Include="Vector2.hxx">
      <Filter>Header Files</Filter>
    </ClInclude>
    <ClInclude Include="Vector2.h">
      <Filter>Header Files</Filter>
    </ClInclude>
    <ClInclude Include="TextUIHandler.h">
      <Filter>Header Files</Filter>
    </ClInclude>
    <ClInclude Include="HtmlUIHandler.h">
      <Filter>Header Files</Filter>
    </ClInclude>
    <ClInclude Include="UIHandlerBase.h">
      <Filter>Header Files</Filter>
    </ClInclude>
    <ClInclude Include="FileNames.h">
      <Filter>Header Files</Filter>
    </ClInclude>
    <ClInclude Include="XmlUIHandler.h">
      <Filter>Header Files</Filter>
    </ClInclude>
    <ClInclude Include="CommandLineUI.h">
      <Filter>Header Files</Filter>
    </ClInclude>
    <ClInclude Include="LambdaParser.h">
      <Filter>Header Files</Filter>
    </ClInclude>
    <ClInclude Include="EmptyCommand.hxx">
      <Filter>Header Files</Filter>
    </ClInclude>
    <ClInclude Include="EmptyCommand.h">
      <Filter>Header Files</Filter>
    </ClInclude>
    <ClInclude Include="InteractiveUIHandler.h">
      <Filter>Header Files</Filter>
    </ClInclude>
    <ClInclude Include="PieceUIHandlerBase.h">
      <Filter>Header Files</Filter>
    </ClInclude>
    <ClInclude Include="UnorderedPieceUIHandlerBase.h">
      <Filter>Header Files</Filter>
    </ClInclude>
  </ItemGroup>
</Project>